<?xml version="1.0" encoding="UTF-8"?>
<Scheme
   LastUpgradeVersion = "2600"
   version = "1.7">
   <BuildAction
      parallelizeBuildables = "YES"
      buildImplicitDependencies = "YES"
      runPostActionsOnFailure = "NO">
      <BuildActionEntries>
         <BuildActionEntry
            buildForTesting = "YES"
            buildForRunning = "NO"
            buildForProfiling = "NO"
            buildForArchiving = "NO"
            buildForAnalyzing = "NO">
            <BuildableReference
               BuildableIdentifier = "primary"
               BlueprintIdentifier = "19F5E05420E7B54DB4B5C430"
               BuildableName = "Glasstual.app"
               BlueprintName = "Glasstual"
               ReferencedContainer = "container:Glasstual.xcodeproj">
            </BuildableReference>
         </BuildActionEntry>
         <BuildActionEntry
            buildForTesting = "YES"
            buildForRunning = "NO"
            buildForProfiling = "NO"
            buildForArchiving = "NO"
            buildForAnalyzing = "NO">
            <BuildableReference
               BuildableIdentifier = "primary"
               BlueprintIdentifier = "4293F0E65ADDC1ED0A240CB0"
               BuildableName = "GlasstualE2EHarness"
               BlueprintName = "GlasstualE2EHarness"
               ReferencedContainer = "container:Glasstual.xcodeproj">
            </BuildableReference>
         </BuildActionEntry>
         <BuildActionEntry
            buildForTesting = "YES"
            buildForRunning = "NO"
            buildForProfiling = "NO"
            buildForArchiving = "NO"
            buildForAnalyzing = "NO">
            <BuildableReference
               BuildableIdentifier = "primary"
               BlueprintIdentifier = "EFD7BF346F1070CC3E77E2CC"
               BuildableName = "GlasstualE2ETests.xctest"
               BlueprintName = "GlasstualE2ETests"
               ReferencedContainer = "container:Glasstual.xcodeproj">
            </BuildableReference>
         </BuildActionEntry>
      </BuildActionEntries>
   </BuildAction>
   <TestAction
      buildConfiguration = "Debug"
      selectedDebuggerIdentifier = "Xcode.DebuggerFoundation.Debugger.LLDB"
      selectedLauncherIdentifier = "Xcode.DebuggerFoundation.Launcher.LLDB"
      shouldUseLaunchSchemeArgsEnv = "NO"
      onlyGenerateCoverageForSpecifiedTargets = "NO">
      <MacroExpansion>
         <BuildableReference
            BuildableIdentifier = "primary"
            BlueprintIdentifier = "19F5E05420E7B54DB4B5C430"
            BuildableName = "Glasstual.app"
            BlueprintName = "Glasstual"
            ReferencedContainer = "container:Glasstual.xcodeproj">
         </BuildableReference>
      </MacroExpansion>
      <Testables>
         <TestableReference
            skipped = "NO"
            parallelizable = "NO">
            <BuildableReference
               BuildableIdentifier = "primary"
               BlueprintIdentifier = "EFD7BF346F1070CC3E77E2CC"
               BuildableName = "GlasstualE2ETests.xctest"
               BlueprintName = "GlasstualE2ETests"
               ReferencedContainer = "container:Glasstual.xcodeproj">
            </BuildableReference>
         </TestableReference>
      </Testables>
      <CommandLineArguments>
      </CommandLineArguments>
      <EnvironmentVariables>
         <EnvironmentVariable
            key = "E2E_APP"
            value = "$(E2E_APP)"
            isEnabled = "YES">
         </EnvironmentVariable>
         <EnvironmentVariable
            key = "E2E_DISPOSABLE_USER_CONSENT"
            value = "$(E2E_DISPOSABLE_USER_CONSENT)"
            isEnabled = "YES">
         </EnvironmentVariable>
         <EnvironmentVariable
            key = "E2E_FIXTURE"
            value = "$(E2E_FIXTURE)"
            isEnabled = "YES">
         </EnvironmentVariable>
         <EnvironmentVariable
            key = "E2E_HELPER"
            value = "$(E2E_HELPER)"
            isEnabled = "YES">
         </EnvironmentVariable>
         <EnvironmentVariable
            key = "E2E_OUTPUT"
            value = "$(E2E_OUTPUT)"
            isEnabled = "YES">
         </EnvironmentVariable>
      </EnvironmentVariables>
   </TestAction>
   <LaunchAction
      buildConfiguration = "Debug"
      selectedDebuggerIdentifier = "Xcode.DebuggerFoundation.Debugger.LLDB"
      selectedLauncherIdentifier = "Xcode.DebuggerFoundation.Launcher.LLDB"
      launchStyle = "0"
      useCustomWorkingDirectory = "NO"
      ignoresPersistentStateOnLaunch = "NO"
      debugDocumentVersioning = "YES"
      debugServiceExtension = "internal"
      allowLocationSimulation = "YES">
      <BuildableProductRunnable
         runnableDebuggingMode = "0">
         <BuildableReference
            BuildableIdentifier = "primary"
            BlueprintIdentifier = "19F5E05420E7B54DB4B5C430"
            BuildableName = "Glasstual.app"
            BlueprintName = "Glasstual"
            ReferencedContainer = "container:Glasstual.xcodeproj">
         </BuildableReference>
      </BuildableProductRunnable>
   </LaunchAction>
   <ProfileAction
      buildConfiguration = "Release"
      shouldUseLaunchSchemeArgsEnv = "YES"
      savedToolIdentifier = ""
      useCustomWorkingDirectory = "NO"
      debugDocumentVersioning = "YES">
      <BuildableProductRunnable
         runnableDebuggingMode = "0">
         <BuildableReference
            BuildableIdentifier = "primary"
            BlueprintIdentifier = "19F5E05420E7B54DB4B5C430"
            BuildableName = "Glasstual.app"
            BlueprintName = "Glasstual"
            ReferencedContainer = "container:Glasstual.xcodeproj">
         </BuildableReference>
      </BuildableProductRunnable>
   </ProfileAction>
   <AnalyzeAction
      buildConfiguration = "Debug">
   </AnalyzeAction>
   <ArchiveAction
      buildConfiguration = "Release"
      revealArchiveInOrganizer = "YES">
   </ArchiveAction>
</Scheme>
